
Microsoft Visual Studio Solution File, Format Version 12.00
# Visual Studio Version 17
VisualStudioVersion = 17.11.35303.130
MinimumVisualStudioVersion = 10.0.40219.1
Project("{FAE04EC0-301F-11D3-BF4B-00C04F79EFBC}") = "API_Versioning", "API_Versioning\API_Versioning.csproj", "{60839536-6DE9-472D-BE31-9896DFE7C94A}"
EndProject
Global
	GlobalSection(SolutionConfigurationPlatforms) = preSolution
		Debug|Any CPU = Debug|Any CPU
		Release|Any CPU = Release|Any CPU
	EndGlobalSection
	GlobalSection(ProjectConfigurationPlatforms) = postSolution
		{60839536-6DE9-472D-BE31-9896DFE7C94A}.Debug|Any CPU.ActiveCfg = Debug|Any CPU
		{60839536-6DE9-472D-BE31-9896DFE7C94A}.Debug|Any CPU.Build.0 = Debug|Any CPU
		{60839536-6DE9-472D-BE31-9896DFE7C94A}.Release|Any CPU.ActiveCfg = Release|Any CPU
		{60839536-6DE9-472D-BE31-9896DFE7C94A}.Release|Any CPU.Build.0 = Release|Any CPU
	EndGlobalSection
	GlobalSection(SolutionProperties) = preSolution
		HideSolutionNode = FALSE
	EndGlobalSection
	GlobalSection(ExtensibilityGlobals) = postSolution
		SolutionGuid = {8463C454-49CE-46A4-97B7-2E87BEE2B70B}
	EndGlobalSection
EndGlobal
